
Microsoft Visual Studio Solution File, Format Version 12.00
# Visual Studio Version 16
VisualStudioVersion = 16.0.30717.126
MinimumVisualStudioVersion = 10.0.40219.1
Project("{FAE04EC0-301F-11D3-BF4B-00C04F79EFBC}") = "WindowsProject", "WindowsProject\WindowsProject.csproj", "{7F7035DF-2F03-4207-B1D2-B9DECE5C3E36}"
EndProject
Global
	GlobalSection(SolutionConfigurationPlatforms) = preSolution
		Debug|Any CPU = Debug|Any CPU
		Release|Any CPU = Release|Any CPU
	EndGlobalSection
	GlobalSection(ProjectConfigurationPlatforms) = postSolution
		{7F7035DF-2F03-4207-B1D2-B9DECE5C3E36}.Debug|Any CPU.ActiveCfg = Debug|Any CPU
		{7F7035DF-2F03-4207-B1D2-B9DECE5C3E36}.Debug|Any CPU.Build.0 = Debug|Any CPU
		{7F7035DF-2F03-4207-B1D2-B9DECE5C3E36}.Release|Any CPU.ActiveCfg = Release|Any CPU
		{7F7035DF-2F03-4207-B1D2-B9DECE5C3E36}.Release|Any CPU.Build.0 = Release|Any CPU
	EndGlobalSection
	GlobalSection(SolutionProperties) = preSolution
		HideSolutionNode = FALSE
	EndGlobalSection
	GlobalSection(ExtensibilityGlobals) = postSolution
		SolutionGuid = {32F4D1F1-3719-482E-9FB8-1A8E02B47172}
	EndGlobalSection
EndGlobal
